// !$*UTF8*$!
{
	archiveVersion = 1;
	classes = {
	};
	objectVersion = 56;
	objects = {

/* Begin PBXBuildFile section */
		350AB22B2A667030009D3D43 /* HTTPResponseError.swift in Sources */ = {isa = PBXBuildFile; fileRef = 350AB22A2A667030009D3D43 /* HTTPResponseError.swift */; };
		350AB22F2A669D19009D3D43 /* LookupView.swift in Sources */ = {isa = PBXBuildFile; fileRef = 350AB22E2A669D19009D3D43 /* LookupView.swift */; };
		35C823B02A80CCD9006BBFC0 /* AnkiConnectServiceProtocol.swift in Sources */ = {isa = PBXBuildFile; fileRef = 35C823AF2A80CCD9006BBFC0 /* AnkiConnectServiceProtocol.swift */; };
		35C823B22A80CCE5006BBFC0 /* AnkiConnectService.swift in Sources */ = {isa = PBXBuildFile; fileRef = 35C823B12A80CCE5006BBFC0 /* AnkiConnectService.swift */; };
		35C823B62A80CF1F006BBFC0 /* Model.xcdatamodeld in Sources */ = {isa = PBXBuildFile; fileRef = 35C823B42A80CF1F006BBFC0 /* Model.xcdatamodeld */; };
		35C823B82A80D043006BBFC0 /* StorageProvider.swift in Sources */ = {isa = PBXBuildFile; fileRef = 35C823B72A80D043006BBFC0 /* StorageProvider.swift */; };
		35C823BA2A82236B006BBFC0 /* Lookup+.swift in Sources */ = {isa = PBXBuildFile; fileRef = 35C823B92A82236B006BBFC0 /* Lookup+.swift */; };
		35C823BC2A8233CC006BBFC0 /* NewLookupView.swift in Sources */ = {isa = PBXBuildFile; fileRef = 35C823BB2A8233CC006BBFC0 /* NewLookupView.swift */; };
		35C823C42A8E0502006BBFC0 /* WebView.swift in Sources */ = {isa = PBXBuildFile; fileRef = 35C823C32A8E0502006BBFC0 /* WebView.swift */; };
		35C823CA2A8E09F1006BBFC0 /* MarkdownToHTMLConverter.swift in Sources */ = {isa = PBXBuildFile; fileRef = 35C823C92A8E09F1006BBFC0 /* MarkdownToHTMLConverter.swift */; };
		35C823CC2A8E0A3F006BBFC0 /* MarkdownSupported.swift in Sources */ = {isa = PBXBuildFile; fileRef = 35C823CB2A8E0A3F006BBFC0 /* MarkdownSupported.swift */; };
		35C823D42A8E2E8B006BBFC0 /* StyleSheet.swift in Sources */ = {isa = PBXBuildFile; fileRef = 35C823CE2A8E2E8B006BBFC0 /* StyleSheet.swift */; };
		35C823D52A8E2E8B006BBFC0 /* ulysses.css in Resources */ = {isa = PBXBuildFile; fileRef = 35C823CF2A8E2E8B006BBFC0 /* ulysses.css */; };
		35C823D62A8E2E8B006BBFC0 /* github.css in Resources */ = {isa = PBXBuildFile; fileRef = 35C823D02A8E2E8B006BBFC0 /* github.css */; };
		35C823D72A8E2E8B006BBFC0 /* solarizeddark.css in Resources */ = {isa = PBXBuildFile; fileRef = 35C823D12A8E2E8B006BBFC0 /* solarizeddark.css */; };
		35C823D82A8E2E8B006BBFC0 /* lopash.css in Resources */ = {isa = PBXBuildFile; fileRef = 35C823D22A8E2E8B006BBFC0 /* lopash.css */; };
		35C823D92A8E2E8B006BBFC0 /* raywenderlich.css in Resources */ = {isa = PBXBuildFile; fileRef = 35C823D32A8E2E8B006BBFC0 /* raywenderlich.css */; };
		35C823DC2A8F4E36006BBFC0 /* MarkdownKit in Frameworks */ = {isa = PBXBuildFile; productRef = 35C823DB2A8F4E36006BBFC0 /* MarkdownKit */; };
		35CAFE222A65162000FC4236 /* FlashcardAutomaterApp.swift in Sources */ = {isa = PBXBuildFile; fileRef = 35CAFE212A65162000FC4236 /* FlashcardAutomaterApp.swift */; };
		35CAFE262A65162100FC4236 /* Assets.xcassets in Resources */ = {isa = PBXBuildFile; fileRef = 35CAFE252A65162100FC4236 /* Assets.xcassets */; };
		35CAFE2A2A65162100FC4236 /* Preview Assets.xcassets in Resources */ = {isa = PBXBuildFile; fileRef = 35CAFE292A65162100FC4236 /* Preview Assets.xcassets */; };
		35CAFE342A65162100FC4236 /* FlashcardAutomaterTests.swift in Sources */ = {isa = PBXBuildFile; fileRef = 35CAFE332A65162100FC4236 /* FlashcardAutomaterTests.swift */; };
		35CAFE3E2A65162100FC4236 /* FlashcardAutomaterUITests.swift in Sources */ = {isa = PBXBuildFile; fileRef = 35CAFE3D2A65162100FC4236 /* FlashcardAutomaterUITests.swift */; };
		35CAFE402A65162100FC4236 /* FlashcardAutomaterUITestsLaunchTests.swift in Sources */ = {isa = PBXBuildFile; fileRef = 35CAFE3F2A65162100FC4236 /* FlashcardAutomaterUITestsLaunchTests.swift */; };
		35CAFE4E2A6528A700FC4236 /* FreeDictionaryService.swift in Sources */ = {isa = PBXBuildFile; fileRef = 35CAFE4D2A6528A700FC4236 /* FreeDictionaryService.swift */; };
		35CAFE502A6528F400FC4236 /* FreeDictionaryServiceProtocol.swift in Sources */ = {isa = PBXBuildFile; fileRef = 35CAFE4F2A6528F400FC4236 /* FreeDictionaryServiceProtocol.swift */; };
		35CAFE522A65308300FC4236 /* FreeDictionaryServiceTests.swift in Sources */ = {isa = PBXBuildFile; fileRef = 35CAFE512A65308300FC4236 /* FreeDictionaryServiceTests.swift */; };
		35CAFE542A654F4F00FC4236 /* Entry.swift in Sources */ = {isa = PBXBuildFile; fileRef = 35CAFE532A654F4F00FC4236 /* Entry.swift */; };
		35CAFE562A654FA800FC4236 /* Phonetic.swift in Sources */ = {isa = PBXBuildFile; fileRef = 35CAFE552A654FA800FC4236 /* Phonetic.swift */; };
		35CAFE582A65515C00FC4236 /* Meaning.swift in Sources */ = {isa = PBXBuildFile; fileRef = 35CAFE572A65515C00FC4236 /* Meaning.swift */; };
		35CAFE5A2A65518000FC4236 /* Definition.swift in Sources */ = {isa = PBXBuildFile; fileRef = 35CAFE592A65518000FC4236 /* Definition.swift */; };
		35CAFE5C2A655A3900FC4236 /* NewLookupOO.swift in Sources */ = {isa = PBXBuildFile; fileRef = 35CAFE5B2A655A3900FC4236 /* NewLookupOO.swift */; };
		35CAFE5E2A66591B00FC4236 /* LookUpOOTests.swift in Sources */ = {isa = PBXBuildFile; fileRef = 35CAFE5D2A66591B00FC4236 /* LookUpOOTests.swift */; };
		35F222F72A78EECB0014DD59 /* LookupsView.swift in Sources */ = {isa = PBXBuildFile; fileRef = 35F222F62A78EECB0014DD59 /* LookupsView.swift */; };
/* End PBXBuildFile section */

/* Begin PBXContainerItemProxy section */
		35CAFE302A65162100FC4236 /* PBXContainerItemProxy */ = {
			isa = PBXContainerItemProxy;
			containerPortal = 35CAFE162A65162000FC4236 /* Project object */;
			proxyType = 1;
			remoteGlobalIDString = 35CAFE1D2A65162000FC4236;
			remoteInfo = FlashcardAutomater;
		};
		35CAFE3A2A65162100FC4236 /* PBXContainerItemProxy */ = {
			isa = PBXContainerItemProxy;
			containerPortal = 35CAFE162A65162000FC4236 /* Project object */;
			proxyType = 1;
			remoteGlobalIDString = 35CAFE1D2A65162000FC4236;
			remoteInfo = FlashcardAutomater;
		};
/* End PBXContainerItemProxy section */

/* Begin PBXFileReference section */
		350AB22A2A667030009D3D43 /* HTTPResponseError.swift */ = {isa = PBXFileReference; lastKnownFileType = sourcecode.swift; path = HTTPResponseError.swift; sourceTree = "<group>"; };
		350AB22E2A669D19009D3D43 /* LookupView.swift */ = {isa = PBXFileReference; lastKnownFileType = sourcecode.swift; path = LookupView.swift; sourceTree = "<group>"; };
		35C823AF2A80CCD9006BBFC0 /* AnkiConnectServiceProtocol.swift */ = {isa = PBXFileReference; lastKnownFileType = sourcecode.swift; path = AnkiConnectServiceProtocol.swift; sourceTree = "<group>"; };
		35C823B12A80CCE5006BBFC0 /* AnkiConnectService.swift */ = {isa = PBXFileReference; lastKnownFileType = sourcecode.swift; path = AnkiConnectService.swift; sourceTree = "<group>"; };
		35C823B52A80CF1F006BBFC0 /* Model.xcdatamodel */ = {isa = PBXFileReference; lastKnownFileType = wrapper.xcdatamodel; path = Model.xcdatamodel; sourceTree = "<group>"; };
		35C823B72A80D043006BBFC0 /* StorageProvider.swift */ = {isa = PBXFileReference; lastKnownFileType = sourcecode.swift; path = StorageProvider.swift; sourceTree = "<group>"; };
		35C823B92A82236B006BBFC0 /* Lookup+.swift */ = {isa = PBXFileReference; lastKnownFileType = sourcecode.swift; path = "Lookup+.swift"; sourceTree = "<group>"; };
		35C823BB2A8233CC006BBFC0 /* NewLookupView.swift */ = {isa = PBXFileReference; lastKnownFileType = sourcecode.swift; path = NewLookupView.swift; sourceTree = "<group>"; };
		35C823C32A8E0502006BBFC0 /* WebView.swift */ = {isa = PBXFileReference; lastKnownFileType = sourcecode.swift; path = WebView.swift; sourceTree = "<group>"; };
		35C823C92A8E09F1006BBFC0 /* MarkdownToHTMLConverter.swift */ = {isa = PBXFileReference; lastKnownFileType = sourcecode.swift; path = MarkdownToHTMLConverter.swift; sourceTree = "<group>"; };
		35C823CB2A8E0A3F006BBFC0 /* MarkdownSupported.swift */ = {isa = PBXFileReference; lastKnownFileType = sourcecode.swift; path = MarkdownSupported.swift; sourceTree = "<group>"; };
		35C823CE2A8E2E8B006BBFC0 /* StyleSheet.swift */ = {isa = PBXFileReference; fileEncoding = 4; lastKnownFileType = sourcecode.swift; path = StyleSheet.swift; sourceTree = "<group>"; };
		35C823CF2A8E2E8B006BBFC0 /* ulysses.css */ = {isa = PBXFileReference; fileEncoding = 4; lastKnownFileType = text.css; path = ulysses.css; sourceTree = "<group>"; };
		35C823D02A8E2E8B006BBFC0 /* github.css */ = {isa = PBXFileReference; fileEncoding = 4; lastKnownFileType = text.css; path = github.css; sourceTree = "<group>"; };
		35C823D12A8E2E8B006BBFC0 /* solarizeddark.css */ = {isa = PBXFileReference; fileEncoding = 4; lastKnownFileType = text.css; path = solarizeddark.css; sourceTree = "<group>"; };
		35C823D22A8E2E8B006BBFC0 /* lopash.css */ = {isa = PBXFileReference; fileEncoding = 4; lastKnownFileType = text.css; path = lopash.css; sourceTree = "<group>"; };
		35C823D32A8E2E8B006BBFC0 /* raywenderlich.css */ = {isa = PBXFileReference; fileEncoding = 4; lastKnownFileType = text.css; path = raywenderlich.css; sourceTree = "<group>"; };
		35CAFE1E2A65162000FC4236 /* FlashcardAutomater.app */ = {isa = PBXFileReference; explicitFileType = wrapper.application; includeInIndex = 0; path = FlashcardAutomater.app; sourceTree = BUILT_PRODUCTS_DIR; };
		35CAFE212A65162000FC4236 /* FlashcardAutomaterApp.swift */ = {isa = PBXFileReference; lastKnownFileType = sourcecode.swift; path = FlashcardAutomaterApp.swift; sourceTree = "<group>"; };
		35CAFE252A65162100FC4236 /* Assets.xcassets */ = {isa = PBXFileReference; lastKnownFileType = folder.assetcatalog; path = Assets.xcassets; sourceTree = "<group>"; };
		35CAFE272A65162100FC4236 /* FlashcardAutomater.entitlements */ = {isa = PBXFileReference; lastKnownFileType = text.plist.entitlements; path = FlashcardAutomater.entitlements; sourceTree = "<group>"; };
		35CAFE292A65162100FC4236 /* Preview Assets.xcassets */ = {isa = PBXFileReference; lastKnownFileType = folder.assetcatalog; path = "Preview Assets.xcassets"; sourceTree = "<group>"; };
		35CAFE2F2A65162100FC4236 /* FlashcardAutomaterTests.xctest */ = {isa = PBXFileReference; explicitFileType = wrapper.cfbundle; includeInIndex = 0; path = FlashcardAutomaterTests.xctest; sourceTree = BUILT_PRODUCTS_DIR; };
		35CAFE332A65162100FC4236 /* FlashcardAutomaterTests.swift */ = {isa = PBXFileReference; lastKnownFileType = sourcecode.swift; path = FlashcardAutomaterTests.swift; sourceTree = "<group>"; };
		35CAFE392A65162100FC4236 /* FlashcardAutomaterUITests.xctest */ = {isa = PBXFileReference; explicitFileType = wrapper.cfbundle; includeInIndex = 0; path = FlashcardAutomaterUITests.xctest; sourceTree = BUILT_PRODUCTS_DIR; };
		35CAFE3D2A65162100FC4236 /* FlashcardAutomaterUITests.swift */ = {isa = PBXFileReference; lastKnownFileType = sourcecode.swift; path = FlashcardAutomaterUITests.swift; sourceTree = "<group>"; };
		35CAFE3F2A65162100FC4236 /* FlashcardAutomaterUITestsLaunchTests.swift */ = {isa = PBXFileReference; lastKnownFileType = sourcecode.swift; path = FlashcardAutomaterUITestsLaunchTests.swift; sourceTree = "<group>"; };
		35CAFE4D2A6528A700FC4236 /* FreeDictionaryService.swift */ = {isa = PBXFileReference; lastKnownFileType = sourcecode.swift; path = FreeDictionaryService.swift; sourceTree = "<group>"; };
		35CAFE4F2A6528F400FC4236 /* FreeDictionaryServiceProtocol.swift */ = {isa = PBXFileReference; lastKnownFileType = sourcecode.swift; path = FreeDictionaryServiceProtocol.swift; sourceTree = "<group>"; };
		35CAFE512A65308300FC4236 /* FreeDictionaryServiceTests.swift */ = {isa = PBXFileReference; lastKnownFileType = sourcecode.swift; path = FreeDictionaryServiceTests.swift; sourceTree = "<group>"; };
		35CAFE532A654F4F00FC4236 /* Entry.swift */ = {isa = PBXFileReference; lastKnownFileType = sourcecode.swift; path = Entry.swift; sourceTree = "<group>"; };
		35CAFE552A654FA800FC4236 /* Phonetic.swift */ = {isa = PBXFileReference; lastKnownFileType = sourcecode.swift; path = Phonetic.swift; sourceTree = "<group>"; };
		35CAFE572A65515C00FC4236 /* Meaning.swift */ = {isa = PBXFileReference; lastKnownFileType = sourcecode.swift; path = Meaning.swift; sourceTree = "<group>"; };
		35CAFE592A65518000FC4236 /* Definition.swift */ = {isa = PBXFileReference; lastKnownFileType = sourcecode.swift; path = Definition.swift; sourceTree = "<group>"; };
		35CAFE5B2A655A3900FC4236 /* NewLookupOO.swift */ = {isa = PBXFileReference; lastKnownFileType = sourcecode.swift; path = NewLookupOO.swift; sourceTree = "<group>"; };
		35CAFE5D2A66591B00FC4236 /* LookUpOOTests.swift */ = {isa = PBXFileReference; lastKnownFileType = sourcecode.swift; path = LookUpOOTests.swift; sourceTree = "<group>"; };
		35F222F62A78EECB0014DD59 /* LookupsView.swift */ = {isa = PBXFileReference; lastKnownFileType = sourcecode.swift; path = LookupsView.swift; sourceTree = "<group>"; };
/* End PBXFileReference section */

/* Begin PBXFrameworksBuildPhase section */
		35CAFE1B2A65162000FC4236 /* Frameworks */ = {
			isa = PBXFrameworksBuildPhase;
			buildActionMask = 2147483647;
			files = (
				35C823DC2A8F4E36006BBFC0 /* MarkdownKit in Frameworks */,
			);
			runOnlyForDeploymentPostprocessing = 0;
		};
		35CAFE2C2A65162100FC4236 /* Frameworks */ = {
			isa = PBXFrameworksBuildPhase;
			buildActionMask = 2147483647;
			files = (
			);
			runOnlyForDeploymentPostprocessing = 0;
		};
		35CAFE362A65162100FC4236 /* Frameworks */ = {
			isa = PBXFrameworksBuildPhase;
			buildActionMask = 2147483647;
			files = (
			);
			runOnlyForDeploymentPostprocessing = 0;
		};
/* End PBXFrameworksBuildPhase section */

/* Begin PBXGroup section */
		350AB2292A666C82009D3D43 /* DataObjects */ = {
			isa = PBXGroup;
			children = (
				35CAFE532A654F4F00FC4236 /* Entry.swift */,
				35CAFE552A654FA800FC4236 /* Phonetic.swift */,
				35CAFE572A65515C00FC4236 /* Meaning.swift */,
				35CAFE592A65518000FC4236 /* Definition.swift */,
			);
			path = DataObjects;
			sourceTree = "<group>";
		};
		350AB2322A669D58009D3D43 /* LookUp */ = {
			isa = PBXGroup;
			children = (
				35F222F62A78EECB0014DD59 /* LookupsView.swift */,
				35C823BB2A8233CC006BBFC0 /* NewLookupView.swift */,
				35CAFE5B2A655A3900FC4236 /* NewLookupOO.swift */,
				350AB22E2A669D19009D3D43 /* LookupView.swift */,
				35C823C32A8E0502006BBFC0 /* WebView.swift */,
				350AB2292A666C82009D3D43 /* DataObjects */,
			);
			path = LookUp;
			sourceTree = "<group>";
		};
		35C823B32A80CEBB006BBFC0 /* Storage */ = {
			isa = PBXGroup;
			children = (
				35C823B42A80CF1F006BBFC0 /* Model.xcdatamodeld */,
				35C823B72A80D043006BBFC0 /* StorageProvider.swift */,
				35C823B92A82236B006BBFC0 /* Lookup+.swift */,
			);
			path = Storage;
			sourceTree = "<group>";
		};
		35C823C82A8E093D006BBFC0 /* Converter */ = {
			isa = PBXGroup;
			children = (
				35C823C92A8E09F1006BBFC0 /* MarkdownToHTMLConverter.swift */,
				35C823CB2A8E0A3F006BBFC0 /* MarkdownSupported.swift */,
			);
			path = Converter;
			sourceTree = "<group>";
		};
		35C823CD2A8E2E8B006BBFC0 /* StyleSheets */ = {
			isa = PBXGroup;
			children = (
				35C823CE2A8E2E8B006BBFC0 /* StyleSheet.swift */,
				35C823CF2A8E2E8B006BBFC0 /* ulysses.css */,
				35C823D02A8E2E8B006BBFC0 /* github.css */,
				35C823D12A8E2E8B006BBFC0 /* solarizeddark.css */,
				35C823D22A8E2E8B006BBFC0 /* lopash.css */,
				35C823D32A8E2E8B006BBFC0 /* raywenderlich.css */,
			);
			path = StyleSheets;
			sourceTree = "<group>";
		};
		35CAFE152A65162000FC4236 = {
			isa = PBXGroup;
			children = (
				35CAFE202A65162000FC4236 /* FlashcardAutomater */,
				35CAFE322A65162100FC4236 /* FlashcardAutomaterTests */,
				35CAFE3C2A65162100FC4236 /* FlashcardAutomaterUITests */,
				35CAFE1F2A65162000FC4236 /* Products */,
			);
			sourceTree = "<group>";
		};
		35CAFE1F2A65162000FC4236 /* Products */ = {
			isa = PBXGroup;
			children = (
				35CAFE1E2A65162000FC4236 /* FlashcardAutomater.app */,
				35CAFE2F2A65162100FC4236 /* FlashcardAutomaterTests.xctest */,
				35CAFE392A65162100FC4236 /* FlashcardAutomaterUITests.xctest */,
			);
			name = Products;
			sourceTree = "<group>";
		};
		35CAFE202A65162000FC4236 /* FlashcardAutomater */ = {
			isa = PBXGroup;
			children = (
				35CAFE212A65162000FC4236 /* FlashcardAutomaterApp.swift */,
				35C823C82A8E093D006BBFC0 /* Converter */,
				35C823B32A80CEBB006BBFC0 /* Storage */,
				350AB2322A669D58009D3D43 /* LookUp */,
				350AB22A2A667030009D3D43 /* HTTPResponseError.swift */,
				35CAFE4C2A65288B00FC4236 /* Services */,
				35CAFE252A65162100FC4236 /* Assets.xcassets */,
				35C823CD2A8E2E8B006BBFC0 /* StyleSheets */,
				35CAFE272A65162100FC4236 /* FlashcardAutomater.entitlements */,
				35CAFE282A65162100FC4236 /* Preview Content */,
			);
			path = FlashcardAutomater;
			sourceTree = "<group>";
		};
		35CAFE282A65162100FC4236 /* Preview Content */ = {
			isa = PBXGroup;
			children = (
				35CAFE292A65162100FC4236 /* Preview Assets.xcassets */,
			);
			path = "Preview Content";
			sourceTree = "<group>";
		};
		35CAFE322A65162100FC4236 /* FlashcardAutomaterTests */ = {
			isa = PBXGroup;
			children = (
				35CAFE332A65162100FC4236 /* FlashcardAutomaterTests.swift */,
				35CAFE512A65308300FC4236 /* FreeDictionaryServiceTests.swift */,
				35CAFE5D2A66591B00FC4236 /* LookUpOOTests.swift */,
			);
			path = FlashcardAutomaterTests;
			sourceTree = "<group>";
		};
		35CAFE3C2A65162100FC4236 /* FlashcardAutomaterUITests */ = {
			isa = PBXGroup;
			children = (
				35CAFE3D2A65162100FC4236 /* FlashcardAutomaterUITests.swift */,
				35CAFE3F2A65162100FC4236 /* FlashcardAutomaterUITestsLaunchTests.swift */,
			);
			path = FlashcardAutomaterUITests;
			sourceTree = "<group>";
		};
		35CAFE4C2A65288B00FC4236 /* Services */ = {
			isa = PBXGroup;
			children = (
				35CAFE4D2A6528A700FC4236 /* FreeDictionaryService.swift */,
				35CAFE4F2A6528F400FC4236 /* FreeDictionaryServiceProtocol.swift */,
				35C823B12A80CCE5006BBFC0 /* AnkiConnectService.swift */,
				35C823AF2A80CCD9006BBFC0 /* AnkiConnectServiceProtocol.swift */,
			);
			path = Services;
			sourceTree = "<group>";
		};
/* End PBXGroup section */

/* Begin PBXNativeTarget section */
		35CAFE1D2A65162000FC4236 /* FlashcardAutomater */ = {
			isa = PBXNativeTarget;
			buildConfigurationList = 35CAFE432A65162100FC4236 /* Build configuration list for PBXNativeTarget "FlashcardAutomater" */;
			buildPhases = (
				35CAFE1A2A65162000FC4236 /* Sources */,
				35CAFE1B2A65162000FC4236 /* Frameworks */,
				35CAFE1C2A65162000FC4236 /* Resources */,
			);
			buildRules = (
			);
			dependencies = (
			);
			name = FlashcardAutomater;
			packageProductDependencies = (
				35C823DB2A8F4E36006BBFC0 /* MarkdownKit */,
			);
			productName = FlashcardAutomater;
			productReference = 35CAFE1E2A65162000FC4236 /* FlashcardAutomater.app */;
			productType = "com.apple.product-type.application";
		};
		35CAFE2E2A65162100FC4236 /* FlashcardAutomaterTests */ = {
			isa = PBXNativeTarget;
			buildConfigurationList = 35CAFE462A65162100FC4236 /* Build configuration list for PBXNativeTarget "FlashcardAutomaterTests" */;
			buildPhases = (
				35CAFE2B2A65162100FC4236 /* Sources */,
				35CAFE2C2A65162100FC4236 /* Frameworks */,
				35CAFE2D2A65162100FC4236 /* Resources */,
			);
			buildRules = (
			);
			dependencies = (
				35CAFE312A65162100FC4236 /* PBXTargetDependency */,
			);
			name = FlashcardAutomaterTests;
			productName = FlashcardAutomaterTests;
			productReference = 35CAFE2F2A65162100FC4236 /* FlashcardAutomaterTests.xctest */;
			productType = "com.apple.product-type.bundle.unit-test";
		};
		35CAFE382A65162100FC4236 /* FlashcardAutomaterUITests */ = {
			isa = PBXNativeTarget;
			buildConfigurationList = 35CAFE492A65162100FC4236 /* Build configuration list for PBXNativeTarget "FlashcardAutomaterUITests" */;
			buildPhases = (
				35CAFE352A65162100FC4236 /* Sources */,
				35CAFE362A65162100FC4236 /* Frameworks */,
				35CAFE372A65162100FC4236 /* Resources */,
			);
			buildRules = (
			);
			dependencies = (
				35CAFE3B2A65162100FC4236 /* PBXTargetDependency */,
			);
			name = FlashcardAutomaterUITests;
			productName = FlashcardAutomaterUITests;
			productReference = 35CAFE392A65162100FC4236 /* FlashcardAutomaterUITests.xctest */;
			productType = "com.apple.product-type.bundle.ui-testing";
		};
/* End PBXNativeTarget section */

/* Begin PBXProject section */
		35CAFE162A65162000FC4236 /* Project object */ = {
			isa = PBXProject;
			attributes = {
				BuildIndependentTargetsInParallel = 1;
				LastSwiftUpdateCheck = 1430;
				LastUpgradeCheck = 1430;
				TargetAttributes = {
					35CAFE1D2A65162000FC4236 = {
						CreatedOnToolsVersion = 14.3.1;
					};
					35CAFE2E2A65162100FC4236 = {
						CreatedOnToolsVersion = 14.3.1;
						TestTargetID = 35CAFE1D2A65162000FC4236;
					};
					35CAFE382A65162100FC4236 = {
						CreatedOnToolsVersion = 14.3.1;
						TestTargetID = 35CAFE1D2A65162000FC4236;
					};
				};
			};
			buildConfigurationList = 35CAFE192A65162000FC4236 /* Build configuration list for PBXProject "FlashcardAutomater" */;
			compatibilityVersion = "Xcode 14.0";
			developmentRegion = en;
			hasScannedForEncodings = 0;
			knownRegions = (
				en,
				Base,
			);
			mainGroup = 35CAFE152A65162000FC4236;
			packageReferences = (
				35C823DA2A8F4E36006BBFC0 /* XCRemoteSwiftPackageReference "swift-markdownkit" */,
			);
			productRefGroup = 35CAFE1F2A65162000FC4236 /* Products */;
			projectDirPath = "";
			projectRoot = "";
			targets = (
				35CAFE1D2A65162000FC4236 /* FlashcardAutomater */,
				35CAFE2E2A65162100FC4236 /* FlashcardAutomaterTests */,
				35CAFE382A65162100FC4236 /* FlashcardAutomaterUITests */,
			);
		};
/* End PBXProject section */

/* Begin PBXResourcesBuildPhase section */
		35CAFE1C2A65162000FC4236 /* Resources */ = {
			isa = PBXResourcesBuildPhase;
			buildActionMask = 2147483647;
			files = (
				35C823D82A8E2E8B006BBFC0 /* lopash.css in Resources */,
				35C823D62A8E2E8B006BBFC0 /* github.css in Resources */,
				35C823D72A8E2E8B006BBFC0 /* solarizeddark.css in Resources */,
				35CAFE2A2A65162100FC4236 /* Preview Assets.xcassets in Resources */,
				35C823D92A8E2E8B006BBFC0 /* raywenderlich.css in Resources */,
				35C823D52A8E2E8B006BBFC0 /* ulysses.css in Resources */,
				35CAFE262A65162100FC4236 /* Assets.xcassets in Resources */,
			);
			runOnlyForDeploymentPostprocessing = 0;
		};
		35CAFE2D2A65162100FC4236 /* Resources */ = {
			isa = PBXResourcesBuildPhase;
			buildActionMask = 2147483647;
			files = (
			);
			runOnlyForDeploymentPostprocessing = 0;
		};
		35CAFE372A65162100FC4236 /* Resources */ = {
			isa = PBXResourcesBuildPhase;
			buildActionMask = 2147483647;
			files = (
			);
			runOnlyForDeploymentPostprocessing = 0;
		};
/* End PBXResourcesBuildPhase section */

/* Begin PBXSourcesBuildPhase section */
		35CAFE1A2A65162000FC4236 /* Sources */ = {
			isa = PBXSourcesBuildPhase;
			buildActionMask = 2147483647;
			files = (
				35C823B02A80CCD9006BBFC0 /* AnkiConnectServiceProtocol.swift in Sources */,
				35C823D42A8E2E8B006BBFC0 /* StyleSheet.swift in Sources */,
				35C823B22A80CCE5006BBFC0 /* AnkiConnectService.swift in Sources */,
				35C823B82A80D043006BBFC0 /* StorageProvider.swift in Sources */,
				35CAFE542A654F4F00FC4236 /* Entry.swift in Sources */,
				35CAFE562A654FA800FC4236 /* Phonetic.swift in Sources */,
				35CAFE502A6528F400FC4236 /* FreeDictionaryServiceProtocol.swift in Sources */,
				35C823CA2A8E09F1006BBFC0 /* MarkdownToHTMLConverter.swift in Sources */,
				35C823BA2A82236B006BBFC0 /* Lookup+.swift in Sources */,
				350AB22F2A669D19009D3D43 /* LookupView.swift in Sources */,
				350AB22B2A667030009D3D43 /* HTTPResponseError.swift in Sources */,
				35CAFE5A2A65518000FC4236 /* Definition.swift in Sources */,
				35CAFE5C2A655A3900FC4236 /* NewLookupOO.swift in Sources */,
				35F222F72A78EECB0014DD59 /* LookupsView.swift in Sources */,
				35C823B62A80CF1F006BBFC0 /* Model.xcdatamodeld in Sources */,
				35CAFE4E2A6528A700FC4236 /* FreeDictionaryService.swift in Sources */,
				35CAFE582A65515C00FC4236 /* Meaning.swift in Sources */,
				35C823CC2A8E0A3F006BBFC0 /* MarkdownSupported.swift in Sources */,
				35C823BC2A8233CC006BBFC0 /* NewLookupView.swift in Sources */,
				35CAFE222A65162000FC4236 /* FlashcardAutomaterApp.swift in Sources */,
				35C823C42A8E0502006BBFC0 /* WebView.swift in Sources */,
			);
			runOnlyForDeploymentPostprocessing = 0;
		};
		35CAFE2B2A65162100FC4236 /* Sources */ = {
			isa = PBXSourcesBuildPhase;
			buildActionMask = 2147483647;
			files = (
				35CAFE522A65308300FC4236 /* FreeDictionaryServiceTests.swift in Sources */,
				35CAFE5E2A66591B00FC4236 /* LookUpOOTests.swift in Sources */,
				35CAFE342A65162100FC4236 /* FlashcardAutomaterTests.swift in Sources */,
			);
			runOnlyForDeploymentPostprocessing = 0;
		};
		35CAFE352A65162100FC4236 /* Sources */ = {
			isa = PBXSourcesBuildPhase;
			buildActionMask = 2147483647;
			files = (
				35CAFE402A65162100FC4236 /* FlashcardAutomaterUITestsLaunchTests.swift in Sources */,
				35CAFE3E2A65162100FC4236 /* FlashcardAutomaterUITests.swift in Sources */,
			);
			runOnlyForDeploymentPostprocessing = 0;
		};
/* End PBXSourcesBuildPhase section */

/* Begin PBXTargetDependency section */
		35CAFE312A65162100FC4236 /* PBXTargetDependency */ = {
			isa = PBXTargetDependency;
			target = 35CAFE1D2A65162000FC4236 /* FlashcardAutomater */;
			targetProxy = 35CAFE302A65162100FC4236 /* PBXContainerItemProxy */;
		};
		35CAFE3B2A65162100FC4236 /* PBXTargetDependency */ = {
			isa = PBXTargetDependency;
			target = 35CAFE1D2A65162000FC4236 /* FlashcardAutomater */;
			targetProxy = 35CAFE3A2A65162100FC4236 /* PBXContainerItemProxy */;
		};
/* End PBXTargetDependency section */

/* Begin XCBuildConfiguration section */
		35CAFE412A65162100FC4236 /* Debug */ = {
			isa = XCBuildConfiguration;
			buildSettings = {
				ALWAYS_SEARCH_USER_PATHS = NO;
				CLANG_ANALYZER_NONNULL = YES;
				CLANG_ANALYZER_NUMBER_OBJECT_CONVERSION = YES_AGGRESSIVE;
				CLANG_CXX_LANGUAGE_STANDARD = "gnu++20";
				CLANG_ENABLE_MODULES = YES;
				CLANG_ENABLE_OBJC_ARC = YES;
				CLANG_ENABLE_OBJC_WEAK = YES;
				CLANG_WARN_BLOCK_CAPTURE_AUTORELEASING = YES;
				CLANG_WARN_BOOL_CONVERSION = YES;
				CLANG_WARN_COMMA = YES;
				CLANG_WARN_CONSTANT_CONVERSION = YES;
				CLANG_WARN_DEPRECATED_OBJC_IMPLEMENTATIONS = YES;
				CLANG_WARN_DIRECT_OBJC_ISA_USAGE = YES_ERROR;
				CLANG_WARN_DOCUMENTATION_COMMENTS = YES;
				CLANG_WARN_EMPTY_BODY = YES;
				CLANG_WARN_ENUM_CONVERSION = YES;
				CLANG_WARN_INFINITE_RECURSION = YES;
				CLANG_WARN_INT_CONVERSION = YES;
				CLANG_WARN_NON_LITERAL_NULL_CONVERSION = YES;
				CLANG_WARN_OBJC_IMPLICIT_RETAIN_SELF = YES;
				CLANG_WARN_OBJC_LITERAL_CONVERSION = YES;
				CLANG_WARN_OBJC_ROOT_CLASS = YES_ERROR;
				CLANG_WARN_QUOTED_INCLUDE_IN_FRAMEWORK_HEADER = YES;
				CLANG_WARN_RANGE_LOOP_ANALYSIS = YES;
				CLANG_WARN_STRICT_PROTOTYPES = YES;
				CLANG_WARN_SUSPICIOUS_MOVE = YES;
				CLANG_WARN_UNGUARDED_AVAILABILITY = YES_AGGRESSIVE;
				CLANG_WARN_UNREACHABLE_CODE = YES;
				CLANG_WARN__DUPLICATE_METHOD_MATCH = YES;
				COPY_PHASE_STRIP = NO;
				DEBUG_INFORMATION_FORMAT = dwarf;
				ENABLE_STRICT_OBJC_MSGSEND = YES;
				ENABLE_TESTABILITY = YES;
				GCC_C_LANGUAGE_STANDARD = gnu11;
				GCC_DYNAMIC_NO_PIC = NO;
				GCC_NO_COMMON_BLOCKS = YES;
				GCC_OPTIMIZATION_LEVEL = 0;
				GCC_PREPROCESSOR_DEFINITIONS = (
					"DEBUG=1",
					"$(inherited)",
				);
				GCC_WARN_64_TO_32_BIT_CONVERSION = YES;
				GCC_WARN_ABOUT_RETURN_TYPE = YES_ERROR;
				GCC_WARN_UNDECLARED_SELECTOR = YES;
				GCC_WARN_UNINITIALIZED_AUTOS = YES_AGGRESSIVE;
				GCC_WARN_UNUSED_FUNCTION = YES;
				GCC_WARN_UNUSED_VARIABLE = YES;
				MTL_ENABLE_DEBUG_INFO = INCLUDE_SOURCE;
				MTL_FAST_MATH = YES;
				ONLY_ACTIVE_ARCH = YES;
				SWIFT_ACTIVE_COMPILATION_CONDITIONS = DEBUG;
				SWIFT_OPTIMIZATION_LEVEL = "-Onone";
			};
			name = Debug;
		};
		35CAFE422A65162100FC4236 /* Release */ = {
			isa = XCBuildConfiguration;
			buildSettings = {
				ALWAYS_SEARCH_USER_PATHS = NO;
				CLANG_ANALYZER_NONNULL = YES;
				CLANG_ANALYZER_NUMBER_OBJECT_CONVERSION = YES_AGGRESSIVE;
				CLANG_CXX_LANGUAGE_STANDARD = "gnu++20";
				CLANG_ENABLE_MODULES = YES;
				CLANG_ENABLE_OBJC_ARC = YES;
				CLANG_ENABLE_OBJC_WEAK = YES;
				CLANG_WARN_BLOCK_CAPTURE_AUTORELEASING = YES;
				CLANG_WARN_BOOL_CONVERSION = YES;
				CLANG_WARN_COMMA = YES;
				CLANG_WARN_CONSTANT_CONVERSION = YES;
				CLANG_WARN_DEPRECATED_OBJC_IMPLEMENTATIONS = YES;
				CLANG_WARN_DIRECT_OBJC_ISA_USAGE = YES_ERROR;
				CLANG_WARN_DOCUMENTATION_COMMENTS = YES;
				CLANG_WARN_EMPTY_BODY = YES;
				CLANG_WARN_ENUM_CONVERSION = YES;
				CLANG_WARN_INFINITE_RECURSION = YES;
				CLANG_WARN_INT_CONVERSION = YES;
				CLANG_WARN_NON_LITERAL_NULL_CONVERSION = YES;
				CLANG_WARN_OBJC_IMPLICIT_RETAIN_SELF = YES;
				CLANG_WARN_OBJC_LITERAL_CONVERSION = YES;
				CLANG_WARN_OBJC_ROOT_CLASS = YES_ERROR;
				CLANG_WARN_QUOTED_INCLUDE_IN_FRAMEWORK_HEADER = YES;
				CLANG_WARN_RANGE_LOOP_ANALYSIS = YES;
				CLANG_WARN_STRICT_PROTOTYPES = YES;
				CLANG_WARN_SUSPICIOUS_MOVE = YES;
				CLANG_WARN_UNGUARDED_AVAILABILITY = YES_AGGRESSIVE;
				CLANG_WARN_UNREACHABLE_CODE = YES;
				CLANG_WARN__DUPLICATE_METHOD_MATCH = YES;
				COPY_PHASE_STRIP = NO;
				DEBUG_INFORMATION_FORMAT = "dwarf-with-dsym";
				ENABLE_NS_ASSERTIONS = NO;
				ENABLE_STRICT_OBJC_MSGSEND = YES;
				GCC_C_LANGUAGE_STANDARD = gnu11;
				GCC_NO_COMMON_BLOCKS = YES;
				GCC_WARN_64_TO_32_BIT_CONVERSION = YES;
				GCC_WARN_ABOUT_RETURN_TYPE = YES_ERROR;
				GCC_WARN_UNDECLARED_SELECTOR = YES;
				GCC_WARN_UNINITIALIZED_AUTOS = YES_AGGRESSIVE;
				GCC_WARN_UNUSED_FUNCTION = YES;
				GCC_WARN_UNUSED_VARIABLE = YES;
				MTL_ENABLE_DEBUG_INFO = NO;
				MTL_FAST_MATH = YES;
				SWIFT_COMPILATION_MODE = wholemodule;
				SWIFT_OPTIMIZATION_LEVEL = "-O";
			};
			name = Release;
		};
		35CAFE442A65162100FC4236 /* Debug */ = {
			isa = XCBuildConfiguration;
			buildSettings = {
				ASSETCATALOG_COMPILER_APPICON_NAME = AppIcon;
				ASSETCATALOG_COMPILER_GLOBAL_ACCENT_COLOR_NAME = AccentColor;
				CODE_SIGN_ENTITLEMENTS = FlashcardAutomater/FlashcardAutomater.entitlements;
				CODE_SIGN_STYLE = Automatic;
				CURRENT_PROJECT_VERSION = 1;
				DEVELOPMENT_ASSET_PATHS = "\"FlashcardAutomater/Preview Content\"";
				DEVELOPMENT_TEAM = P89ASLHB2S;
				ENABLE_HARDENED_RUNTIME = YES;
				ENABLE_PREVIEWS = YES;
				GENERATE_INFOPLIST_FILE = YES;
				"INFOPLIST_KEY_UIApplicationSceneManifest_Generation[sdk=iphoneos*]" = YES;
				"INFOPLIST_KEY_UIApplicationSceneManifest_Generation[sdk=iphonesimulator*]" = YES;
				"INFOPLIST_KEY_UIApplicationSupportsIndirectInputEvents[sdk=iphoneos*]" = YES;
				"INFOPLIST_KEY_UIApplicationSupportsIndirectInputEvents[sdk=iphonesimulator*]" = YES;
				"INFOPLIST_KEY_UILaunchScreen_Generation[sdk=iphoneos*]" = YES;
				"INFOPLIST_KEY_UILaunchScreen_Generation[sdk=iphonesimulator*]" = YES;
				"INFOPLIST_KEY_UIStatusBarStyle[sdk=iphoneos*]" = UIStatusBarStyleDefault;
				"INFOPLIST_KEY_UIStatusBarStyle[sdk=iphonesimulator*]" = UIStatusBarStyleDefault;
				INFOPLIST_KEY_UISupportedInterfaceOrientations_iPad = "UIInterfaceOrientationPortrait UIInterfaceOrientationPortraitUpsideDown UIInterfaceOrientationLandscapeLeft UIInterfaceOrientationLandscapeRight";
				INFOPLIST_KEY_UISupportedInterfaceOrientations_iPhone = "UIInterfaceOrientationPortrait UIInterfaceOrientationLandscapeLeft UIInterfaceOrientationLandscapeRight";
				IPHONEOS_DEPLOYMENT_TARGET = 16.4;
				LD_RUNPATH_SEARCH_PATHS = "@executable_path/Frameworks";
				"LD_RUNPATH_SEARCH_PATHS[sdk=macosx*]" = "@executable_path/../Frameworks";
				MACOSX_DEPLOYMENT_TARGET = 13.3;
				MARKETING_VERSION = 1.0;
				PRODUCT_BUNDLE_IDENTIFIER = leonmatg.FlashcardAutomater;
				PRODUCT_NAME = "$(TARGET_NAME)";
				SDKROOT = auto;
				SUPPORTED_PLATFORMS = "iphoneos iphonesimulator macosx";
				SWIFT_EMIT_LOC_STRINGS = YES;
				SWIFT_VERSION = 5.0;
				TARGETED_DEVICE_FAMILY = "1,2";
			};
			name = Debug;
		};
		35CAFE452A65162100FC4236 /* Release */ = {
			isa = XCBuildConfiguration;
			buildSettings = {
				ASSETCATALOG_COMPILER_APPICON_NAME = AppIcon;
				ASSETCATALOG_COMPILER_GLOBAL_ACCENT_COLOR_NAME = AccentColor;
				CODE_SIGN_ENTITLEMENTS = FlashcardAutomater/FlashcardAutomater.entitlements;
				CODE_SIGN_STYLE = Automatic;
				CURRENT_PROJECT_VERSION = 1;
				DEVELOPMENT_ASSET_PATHS = "\"FlashcardAutomater/Preview Content\"";
				DEVELOPMENT_TEAM = P89ASLHB2S;
				ENABLE_HARDENED_RUNTIME = YES;
				ENABLE_PREVIEWS = YES;
				GENERATE_INFOPLIST_FILE = YES;
				"INFOPLIST_KEY_UIApplicationSceneManifest_Generation[sdk=iphoneos*]" = YES;
				"INFOPLIST_KEY_UIApplicationSceneManifest_Generation[sdk=iphonesimulator*]" = YES;
				"INFOPLIST_KEY_UIApplicationSupportsIndirectInputEvents[sdk=iphoneos*]" = YES;
				"INFOPLIST_KEY_UIApplicationSupportsIndirectInputEvents[sdk=iphonesimulator*]" = YES;
				"INFOPLIST_KEY_UILaunchScreen_Generation[sdk=iphoneos*]" = YES;
				"INFOPLIST_KEY_UILaunchScreen_Generation[sdk=iphonesimulator*]" = YES;
				"INFOPLIST_KEY_UIStatusBarStyle[sdk=iphoneos*]" = UIStatusBarStyleDefault;
				"INFOPLIST_KEY_UIStatusBarStyle[sdk=iphonesimulator*]" = UIStatusBarStyleDefault;
				INFOPLIST_KEY_UISupportedInterfaceOrientations_iPad = "UIInterfaceOrientationPortrait UIInterfaceOrientationPortraitUpsideDown UIInterfaceOrientationLandscapeLeft UIInterfaceOrientationLandscapeRight";
				INFOPLIST_KEY_UISupportedInterfaceOrientations_iPhone = "UIInterfaceOrientationPortrait UIInterfaceOrientationLandscapeLeft UIInterfaceOrientationLandscapeRight";
				IPHONEOS_DEPLOYMENT_TARGET = 16.4;
				LD_RUNPATH_SEARCH_PATHS = "@executable_path/Frameworks";
				"LD_RUNPATH_SEARCH_PATHS[sdk=macosx*]" = "@executable_path/../Frameworks";
				MACOSX_DEPLOYMENT_TARGET = 13.3;
				MARKETING_VERSION = 1.0;
				PRODUCT_BUNDLE_IDENTIFIER = leonmatg.FlashcardAutomater;
				PRODUCT_NAME = "$(TARGET_NAME)";
				SDKROOT = auto;
				SUPPORTED_PLATFORMS = "iphoneos iphonesimulator macosx";
				SWIFT_EMIT_LOC_STRINGS = YES;
				SWIFT_VERSION = 5.0;
				TARGETED_DEVICE_FAMILY = "1,2";
			};
			name = Release;
		};
		35CAFE472A65162100FC4236 /* Debug */ = {
			isa = XCBuildConfiguration;
			buildSettings = {
				ALWAYS_EMBED_SWIFT_STANDARD_LIBRARIES = YES;
				BUNDLE_LOADER = "$(TEST_HOST)";
				CODE_SIGN_STYLE = Automatic;
				CURRENT_PROJECT_VERSION = 1;
				DEVELOPMENT_TEAM = P89ASLHB2S;
				GENERATE_INFOPLIST_FILE = YES;
				IPHONEOS_DEPLOYMENT_TARGET = 16.4;
				MACOSX_DEPLOYMENT_TARGET = 13.3;
				MARKETING_VERSION = 1.0;
				PRODUCT_BUNDLE_IDENTIFIER = leonmatg.FlashcardAutomaterTests;
				PRODUCT_NAME = "$(TARGET_NAME)";
				SDKROOT = auto;
				SUPPORTED_PLATFORMS = "iphoneos iphonesimulator macosx";
				SWIFT_EMIT_LOC_STRINGS = NO;
				SWIFT_VERSION = 5.0;
				TARGETED_DEVICE_FAMILY = "1,2";
				TEST_HOST = "$(BUILT_PRODUCTS_DIR)/FlashcardAutomater.app/$(BUNDLE_EXECUTABLE_FOLDER_PATH)/FlashcardAutomater";
			};
			name = Debug;
		};
		35CAFE482A65162100FC4236 /* Release */ = {
			isa = XCBuildConfiguration;
			buildSettings = {
				ALWAYS_EMBED_SWIFT_STANDARD_LIBRARIES = YES;
				BUNDLE_LOADER = "$(TEST_HOST)";
				CODE_SIGN_STYLE = Automatic;
				CURRENT_PROJECT_VERSION = 1;
				DEVELOPMENT_TEAM = P89ASLHB2S;
				GENERATE_INFOPLIST_FILE = YES;
				IPHONEOS_DEPLOYMENT_TARGET = 16.4;
				MACOSX_DEPLOYMENT_TARGET = 13.3;
				MARKETING_VERSION = 1.0;
				PRODUCT_BUNDLE_IDENTIFIER = leonmatg.FlashcardAutomaterTests;
				PRODUCT_NAME = "$(TARGET_NAME)";
				SDKROOT = auto;
				SUPPORTED_PLATFORMS = "iphoneos iphonesimulator macosx";
				SWIFT_EMIT_LOC_STRINGS = NO;
				SWIFT_VERSION = 5.0;
				TARGETED_DEVICE_FAMILY = "1,2";
				TEST_HOST = "$(BUILT_PRODUCTS_DIR)/FlashcardAutomater.app/$(BUNDLE_EXECUTABLE_FOLDER_PATH)/FlashcardAutomater";
			};
			name = Release;
		};
		35CAFE4A2A65162100FC4236 /* Debug */ = {
			isa = XCBuildConfiguration;
			buildSettings = {
				ALWAYS_EMBED_SWIFT_STANDARD_LIBRARIES = YES;
				CODE_SIGN_STYLE = Automatic;
				CURRENT_PROJECT_VERSION = 1;
				DEVELOPMENT_TEAM = P89ASLHB2S;
				GENERATE_INFOPLIST_FILE = YES;
				IPHONEOS_DEPLOYMENT_TARGET = 16.4;
				MACOSX_DEPLOYMENT_TARGET = 13.3;
				MARKETING_VERSION = 1.0;
				PRODUCT_BUNDLE_IDENTIFIER = leonmatg.FlashcardAutomaterUITests;
				PRODUCT_NAME = "$(TARGET_NAME)";
				SDKROOT = auto;
				SUPPORTED_PLATFORMS = "iphoneos iphonesimulator macosx";
				SWIFT_EMIT_LOC_STRINGS = NO;
				SWIFT_VERSION = 5.0;
				TARGETED_DEVICE_FAMILY = "1,2";
				TEST_TARGET_NAME = FlashcardAutomater;
			};
			name = Debug;
		};
		35CAFE4B2A65162100FC4236 /* Release */ = {
			isa = XCBuildConfiguration;
			buildSettings = {
				ALWAYS_EMBED_SWIFT_STANDARD_LIBRARIES = YES;
				CODE_SIGN_STYLE = Automatic;
				CURRENT_PROJECT_VERSION = 1;
				DEVELOPMENT_TEAM = P89ASLHB2S;
				GENERATE_INFOPLIST_FILE = YES;
				IPHONEOS_DEPLOYMENT_TARGET = 16.4;
				MACOSX_DEPLOYMENT_TARGET = 13.3;
				MARKETING_VERSION = 1.0;
				PRODUCT_BUNDLE_IDENTIFIER = leonmatg.FlashcardAutomaterUITests;
				PRODUCT_NAME = "$(TARGET_NAME)";
				SDKROOT = auto;
				SUPPORTED_PLATFORMS = "iphoneos iphonesimulator macosx";
				SWIFT_EMIT_LOC_STRINGS = NO;
				SWIFT_VERSION = 5.0;
				TARGETED_DEVICE_FAMILY = "1,2";
				TEST_TARGET_NAME = FlashcardAutomater;
			};
			name = Release;
		};
/* End XCBuildConfiguration section */

/* Begin XCConfigurationList section */
		35CAFE192A65162000FC4236 /* Build configuration list for PBXProject "FlashcardAutomater" */ = {
			isa = XCConfigurationList;
			buildConfigurations = (
				35CAFE412A65162100FC4236 /* Debug */,
				35CAFE422A65162100FC4236 /* Release */,
			);
			defaultConfigurationIsVisible = 0;
			defaultConfigurationName = Release;
		};
		35CAFE432A65162100FC4236 /* Build configuration list for PBXNativeTarget "FlashcardAutomater" */ = {
			isa = XCConfigurationList;
			buildConfigurations = (
				35CAFE442A65162100FC4236 /* Debug */,
				35CAFE452A65162100FC4236 /* Release */,
			);
			defaultConfigurationIsVisible = 0;
			defaultConfigurationName = Release;
		};
		35CAFE462A65162100FC4236 /* Build configuration list for PBXNativeTarget "FlashcardAutomaterTests" */ = {
			isa = XCConfigurationList;
			buildConfigurations = (
				35CAFE472A65162100FC4236 /* Debug */,
				35CAFE482A65162100FC4236 /* Release */,
			);
			defaultConfigurationIsVisible = 0;
			defaultConfigurationName = Release;
		};
		35CAFE492A65162100FC4236 /* Build configuration list for PBXNativeTarget "FlashcardAutomaterUITests" */ = {
			isa = XCConfigurationList;
			buildConfigurations = (
				35CAFE4A2A65162100FC4236 /* Debug */,
				35CAFE4B2A65162100FC4236 /* Release */,
			);
			defaultConfigurationIsVisible = 0;
			defaultConfigurationName = Release;
		};
/* End XCConfigurationList section */

/* Begin XCRemoteSwiftPackageReference section */
		35C823DA2A8F4E36006BBFC0 /* XCRemoteSwiftPackageReference "swift-markdownkit" */ = {
			isa = XCRemoteSwiftPackageReference;
			repositoryURL = "https://github.com/objecthub/swift-markdownkit";
			requirement = {
				kind = upToNextMajorVersion;
				minimumVersion = 1.0.0;
			};
		};
/* End XCRemoteSwiftPackageReference section */

/* Begin XCSwiftPackageProductDependency section */
		35C823DB2A8F4E36006BBFC0 /* MarkdownKit */ = {
			isa = XCSwiftPackageProductDependency;
			package = 35C823DA2A8F4E36006BBFC0 /* XCRemoteSwiftPackageReference "swift-markdownkit" */;
			productName = MarkdownKit;
		};
/* End XCSwiftPackageProductDependency section */

/* Begin XCVersionGroup section */
		35C823B42A80CF1F006BBFC0 /* Model.xcdatamodeld */ = {
			isa = XCVersionGroup;
			children = (
				35C823B52A80CF1F006BBFC0 /* Model.xcdatamodel */,
			);
			currentVersion = 35C823B52A80CF1F006BBFC0 /* Model.xcdatamodel */;
			path = Model.xcdatamodeld;
			sourceTree = "<group>";
			versionGroupType = wrapper.xcdatamodel;
		};
/* End XCVersionGroup section */
	};
	rootObject = 35CAFE162A65162000FC4236 /* Project object */;
}
